
Microsoft Visual Studio Solution File, Format Version 12.00
# Visual Studio Version 17
VisualStudioVersion = 17.8.34004.107
MinimumVisualStudioVersion = 10.0.40219.1
Project("{9A19103F-16F7-4668-BE54-9A1E7A4F7556}") = "JboxTransfer.WPF", "JboxTransfer.WPF\JboxTransfer.WPF.csproj", "{1CB38FCB-65E0-4396-AC93-046280B88D6D}"
EndProject
Project("{9A19103F-16F7-4668-BE54-9A1E7A4F7556}") = "JboxTransfer.Console", "JboxTransfer.Console\JboxTransfer.Console.csproj", "{8AD6AA3B-25D1-4A7A-9EF2-C88518CB87A7}"
EndProject
Project("{9A19103F-16F7-4668-BE54-9A1E7A4F7556}") = "JboxTransfer.Core", "JboxTransfer.Core\JboxTransfer.Core.csproj", "{91F5FE87-BE3A-4F5F-BBF0-EF4BB340B2D6}"
EndProject
Project("{FAE04EC0-301F-11D3-BF4B-00C04F79EFBC}") = "JboxTransfer.Server", "JboxTransfer.Server\JboxTransfer.Server.csproj", "{10DAD0C0-4DFB-4F0B-956A-DFC3DAFC572D}"
EndProject
Global
	GlobalSection(SolutionConfigurationPlatforms) = preSolution
		Debug|Any CPU = Debug|Any CPU
		Debug|x64 = Debug|x64
		Debug|x86 = Debug|x86
		Release|Any CPU = Release|Any CPU
		Release|x64 = Release|x64
		Release|x86 = Release|x86
	EndGlobalSection
	GlobalSection(ProjectConfigurationPlatforms) = postSolution
		{1CB38FCB-65E0-4396-AC93-046280B88D6D}.Debug|Any CPU.ActiveCfg = Debug|Any CPU
		{1CB38FCB-65E0-4396-AC93-046280B88D6D}.Debug|Any CPU.Build.0 = Debug|Any CPU
		{1CB38FCB-65E0-4396-AC93-046280B88D6D}.Debug|x64.ActiveCfg = Debug|x64
		{1CB38FCB-65E0-4396-AC93-046280B88D6D}.Debug|x64.Build.0 = Debug|x64
		{1CB38FCB-65E0-4396-AC93-046280B88D6D}.Debug|x86.ActiveCfg = Debug|x86
		{1CB38FCB-65E0-4396-AC93-046280B88D6D}.Debug|x86.Build.0 = Debug|x86
		{1CB38FCB-65E0-4396-AC93-046280B88D6D}.Release|Any CPU.ActiveCfg = Release|Any CPU
		{1CB38FCB-65E0-4396-AC93-046280B88D6D}.Release|Any CPU.Build.0 = Release|Any CPU
		{1CB38FCB-65E0-4396-AC93-046280B88D6D}.Release|x64.ActiveCfg = Release|x64
		{1CB38FCB-65E0-4396-AC93-046280B88D6D}.Release|x64.Build.0 = Release|x64
		{1CB38FCB-65E0-4396-AC93-046280B88D6D}.Release|x86.ActiveCfg = Release|x86
		{1CB38FCB-65E0-4396-AC93-046280B88D6D}.Release|x86.Build.0 = Release|x86
		{8AD6AA3B-25D1-4A7A-9EF2-C88518CB87A7}.Debug|Any CPU.ActiveCfg = Debug|Any CPU
		{8AD6AA3B-25D1-4A7A-9EF2-C88518CB87A7}.Debug|Any CPU.Build.0 = Debug|Any CPU
		{8AD6AA3B-25D1-4A7A-9EF2-C88518CB87A7}.Debug|x64.ActiveCfg = Debug|x64
		{8AD6AA3B-25D1-4A7A-9EF2-C88518CB87A7}.Debug|x64.Build.0 = Debug|x64
		{8AD6AA3B-25D1-4A7A-9EF2-C88518CB87A7}.Debug|x86.ActiveCfg = Debug|x86
		{8AD6AA3B-25D1-4A7A-9EF2-C88518CB87A7}.Debug|x86.Build.0 = Debug|x86
		{8AD6AA3B-25D1-4A7A-9EF2-C88518CB87A7}.Release|Any CPU.ActiveCfg = Release|Any CPU
		{8AD6AA3B-25D1-4A7A-9EF2-C88518CB87A7}.Release|Any CPU.Build.0 = Release|Any CPU
		{8AD6AA3B-25D1-4A7A-9EF2-C88518CB87A7}.Release|x64.ActiveCfg = Release|x64
		{8AD6AA3B-25D1-4A7A-9EF2-C88518CB87A7}.Release|x64.Build.0 = Release|x64
		{8AD6AA3B-25D1-4A7A-9EF2-C88518CB87A7}.Release|x86.ActiveCfg = Release|x86
		{8AD6AA3B-25D1-4A7A-9EF2-C88518CB87A7}.Release|x86.Build.0 = Release|x86
		{91F5FE87-BE3A-4F5F-BBF0-EF4BB340B2D6}.Debug|Any CPU.ActiveCfg = Debug|Any CPU
		{91F5FE87-BE3A-4F5F-BBF0-EF4BB340B2D6}.Debug|Any CPU.Build.0 = Debug|Any CPU
		{91F5FE87-BE3A-4F5F-BBF0-EF4BB340B2D6}.Debug|x64.ActiveCfg = Debug|x64
		{91F5FE87-BE3A-4F5F-BBF0-EF4BB340B2D6}.Debug|x64.Build.0 = Debug|x64
		{91F5FE87-BE3A-4F5F-BBF0-EF4BB340B2D6}.Debug|x86.ActiveCfg = Debug|x86
		{91F5FE87-BE3A-4F5F-BBF0-EF4BB340B2D6}.Debug|x86.Build.0 = Debug|x86
		{91F5FE87-BE3A-4F5F-BBF0-EF4BB340B2D6}.Release|Any CPU.ActiveCfg = Release|Any CPU
		{91F5FE87-BE3A-4F5F-BBF0-EF4BB340B2D6}.Release|Any CPU.Build.0 = Release|Any CPU
		{91F5FE87-BE3A-4F5F-BBF0-EF4BB340B2D6}.Release|x64.ActiveCfg = Release|x64
		{91F5FE87-BE3A-4F5F-BBF0-EF4BB340B2D6}.Release|x64.Build.0 = Release|x64
		{91F5FE87-BE3A-4F5F-BBF0-EF4BB340B2D6}.Release|x86.ActiveCfg = Release|x86
		{91F5FE87-BE3A-4F5F-BBF0-EF4BB340B2D6}.Release|x86.Build.0 = Release|x86
		{10DAD0C0-4DFB-4F0B-956A-DFC3DAFC572D}.Debug|Any CPU.ActiveCfg = Debug|Any CPU
		{10DAD0C0-4DFB-4F0B-956A-DFC3DAFC572D}.Debug|Any CPU.Build.0 = Debug|Any CPU
		{10DAD0C0-4DFB-4F0B-956A-DFC3DAFC572D}.Debug|x64.ActiveCfg = Debug|Any CPU
		{10DAD0C0-4DFB-4F0B-956A-DFC3DAFC572D}.Debug|x64.Build.0 = Debug|Any CPU
		{10DAD0C0-4DFB-4F0B-956A-DFC3DAFC572D}.Debug|x86.ActiveCfg = Debug|Any CPU
		{10DAD0C0-4DFB-4F0B-956A-DFC3DAFC572D}.Debug|x86.Build.0 = Debug|Any CPU
		{10DAD0C0-4DFB-4F0B-956A-DFC3DAFC572D}.Release|Any CPU.ActiveCfg = Release|Any CPU
		{10DAD0C0-4DFB-4F0B-956A-DFC3DAFC572D}.Release|Any CPU.Build.0 = Release|Any CPU
		{10DAD0C0-4DFB-4F0B-956A-DFC3DAFC572D}.Release|x64.ActiveCfg = Release|Any CPU
		{10DAD0C0-4DFB-4F0B-956A-DFC3DAFC572D}.Release|x64.Build.0 = Release|Any CPU
		{10DAD0C0-4DFB-4F0B-956A-DFC3DAFC572D}.Release|x86.ActiveCfg = Release|Any CPU
		{10DAD0C0-4DFB-4F0B-956A-DFC3DAFC572D}.Release|x86.Build.0 = Release|Any CPU
	EndGlobalSection
	GlobalSection(SolutionProperties) = preSolution
		HideSolutionNode = FALSE
	EndGlobalSection
	GlobalSection(ExtensibilityGlobals) = postSolution
		SolutionGuid = {BDDAC3E2-73AC-479D-AB16-36F9D4F7594B}
	EndGlobalSection
EndGlobal
